// !$*UTF8*$!
{
	archiveVersion = 1;
	classes = {
	};
	objectVersion = 46;
	objects = {

/* Begin PBXBuildFile section */
		E7F2F9CE1D1F7D680069A945 /* AppDelegate.swift in Sources */ = {isa = PBXBuildFile; fileRef = E7F2F9CD1D1F7D680069A945 /* AppDelegate.swift */; };
		E7F2F9D01D1F7D680069A945 /* ViewController.swift in Sources */ = {isa = PBXBuildFile; fileRef = E7F2F9CF1D1F7D680069A945 /* ViewController.swift */; };
		E7F2F9D31D1F7D680069A945 /* Main.storyboard in Resources */ = {isa = PBXBuildFile; fileRef = E7F2F9D11D1F7D680069A945 /* Main.storyboard */; };
		E7F2F9D51D1F7D680069A945 /* Assets.xcassets in Resources */ = {isa = PBXBuildFile; fileRef = E7F2F9D41D1F7D680069A945 /* Assets.xcassets */; };
		E7F2F9D81D1F7D680069A945 /* LaunchScreen.storyboard in Resources */ = {isa = PBXBuildFile; fileRef = E7F2F9D61D1F7D680069A945 /* LaunchScreen.storyboard */; };
		E7F2F9E31D1F7D690069A945 /* GithubTestTests.swift in Sources */ = {isa = PBXBuildFile; fileRef = E7F2F9E21D1F7D690069A945 /* GithubTestTests.swift */; };
		E7F2F9EE1D1F7D690069A945 /* GithubTestUITests.swift in Sources */ = {isa = PBXBuildFile; fileRef = E7F2F9ED1D1F7D690069A945 /* GithubTestUITests.swift */; };
/* End PBXBuildFile section */

/* Begin PBXContainerItemProxy section */
		E7F2F9DF1D1F7D690069A945 /* PBXContainerItemProxy */ = {
			isa = PBXContainerItemProxy;
			containerPortal = E7F2F9C21D1F7D680069A945 /* Project object */;
			proxyType = 1;
			remoteGlobalIDString = E7F2F9C91D1F7D680069A945;
			remoteInfo = GithubTest;
		};
		E7F2F9EA1D1F7D690069A945 /* PBXContainerItemProxy */ = {
			isa = PBXContainerItemProxy;
			containerPortal = E7F2F9C21D1F7D680069A945 /* Project object */;
			proxyType = 1;
			remoteGlobalIDString = E7F2F9C91D1F7D680069A945;
			remoteInfo = GithubTest;
		};
/* End PBXContainerItemProxy section */

/* Begin PBXFileReference section */
		E7F2F9CA1D1F7D680069A945 /* GithubTest.app */ = {isa = PBXFileReference; explicitFileType = wrapper.application; includeInIndex = 0; path = GithubTest.app; sourceTree = BUILT_PRODUCTS_DIR; };
		E7F2F9CD1D1F7D680069A945 /* AppDelegate.swift */ = {isa = PBXFileReference; lastKnownFileType = sourcecode.swift; path = AppDelegate.swift; sourceTree = "<group>"; };
		E7F2F9CF1D1F7D680069A945 /* ViewController.swift */ = {isa = PBXFileReference; lastKnownFileType = sourcecode.swift; path = ViewController.swift; sourceTree = "<group>"; };
		E7F2F9D21D1F7D680069A945 /* Base */ = {isa = PBXFileReference; lastKnownFileType = file.storyboard; name = Base; path = Base.lproj/Main.storyboard; sourceTree = "<group>"; };
		E7F2F9D41D1F7D680069A945 /* Assets.xcassets */ = {isa = PBXFileReference; lastKnownFileType = folder.assetcatalog; path = Assets.xcassets; sourceTree = "<group>"; };
		E7F2F9D71D1F7D680069A945 /* Base */ = {isa = PBXFileReference; lastKnownFileType = file.storyboard; name = Base; path = Base.lproj/LaunchScreen.storyboard; sourceTree = "<group>"; };
		E7F2F9D91D1F7D680069A945 /* Info.plist */ = {isa = PBXFileReference; lastKnownFileType = text.plist.xml; path = Info.plist; sourceTree = "<group>"; };
		E7F2F9DE1D1F7D690069A945 /* GithubTestTests.xctest */ = {isa = PBXFileReference; explicitFileType = wrapper.cfbundle; includeInIndex = 0; path = GithubTestTests.xctest; sourceTree = BUILT_PRODUCTS_DIR; };
		E7F2F9E21D1F7D690069A945 /* GithubTestTests.swift */ = {isa = PBXFileReference; lastKnownFileType = sourcecode.swift; path = GithubTestTests.swift; sourceTree = "<group>"; };
		E7F2F9E41D1F7D690069A945 /* Info.plist */ = {isa = PBXFileReference; lastKnownFileType = text.plist.xml; path = Info.plist; sourceTree = "<group>"; };
		E7F2F9E91D1F7D690069A945 /* GithubTestUITests.xctest */ = {isa = PBXFileReference; explicitFileType = wrapper.cfbundle; includeInIndex = 0; path = GithubTestUITests.xctest; sourceTree = BUILT_PRODUCTS_DIR; };
		E7F2F9ED1D1F7D690069A945 /* GithubTestUITests.swift */ = {isa = PBXFileReference; lastKnownFileType = sourcecode.swift; path = GithubTestUITests.swift; sourceTree = "<group>"; };
		E7F2F9EF1D1F7D690069A945 /* Info.plist */ = {isa = PBXFileReference; lastKnownFileType = text.plist.xml; path = Info.plist; sourceTree = "<group>"; };
/* End PBXFileReference section */

/* Begin PBXFrameworksBuildPhase section */
		E7F2F9C71D1F7D680069A945 /* Frameworks */ = {
			isa = PBXFrameworksBuildPhase;
			buildActionMask = 2147483647;
			files = (
			);
			runOnlyForDeploymentPostprocessing = 0;
		};
		E7F2F9DB1D1F7D690069A945 /* Frameworks */ = {
			isa = PBXFrameworksBuildPhase;
			buildActionMask = 2147483647;
			files = (
			);
			runOnlyForDeploymentPostprocessing = 0;
		};
		E7F2F9E61D1F7D690069A945 /* Frameworks */ = {
			isa = PBXFrameworksBuildPhase;
			buildActionMask = 2147483647;
			files = (
			);
			runOnlyForDeploymentPostprocessing = 0;
		};
/* End PBXFrameworksBuildPhase section */

/* Begin PBXGroup section */
		E7F2F9C11D1F7D680069A945 = {
			isa = PBXGroup;
			children = (
				E7F2F9CC1D1F7D680069A945 /* GithubTest */,
				E7F2F9E11D1F7D690069A945 /* GithubTestTests */,
				E7F2F9EC1D1F7D690069A945 /* GithubTestUITests */,
				E7F2F9CB1D1F7D680069A945 /* Products */,
			);
			sourceTree = "<group>";
		};
		E7F2F9CB1D1F7D680069A945 /* Products */ = {
			isa = PBXGroup;
			children = (
				E7F2F9CA1D1F7D680069A945 /* GithubTest.app */,
				E7F2F9DE1D1F7D690069A945 /* GithubTestTests.xctest */,
				E7F2F9E91D1F7D690069A945 /* GithubTestUITests.xctest */,
			);
			name = Products;
			sourceTree = "<group>";
		};
		E7F2F9CC1D1F7D680069A945 /* GithubTest */ = {
			isa = PBXGroup;
			children = (
				E7F2F9CD1D1F7D680069A945 /* AppDelegate.swift */,
				E7F2F9CF1D1F7D680069A945 /* ViewController.swift */,
				E7F2F9D11D1F7D680069A945 /* Main.storyboard */,
				E7F2F9D41D1F7D680069A945 /* Assets.xcassets */,
				E7F2F9D61D1F7D680069A945 /* LaunchScreen.storyboard */,
				E7F2F9D91D1F7D680069A945 /* Info.plist */,
			);
			path = GithubTest;
			sourceTree = "<group>";
		};
		E7F2F9E11D1F7D690069A945 /* GithubTestTests */ = {
			isa = PBXGroup;
			children = (
				E7F2F9E21D1F7D690069A945 /* GithubTestTests.swift */,
				E7F2F9E41D1F7D690069A945 /* Info.plist */,
			);
			path = GithubTestTests;
			sourceTree = "<group>";
		};
		E7F2F9EC1D1F7D690069A945 /* GithubTestUITests */ = {
			isa = PBXGroup;
			children = (
				E7F2F9ED1D1F7D690069A945 /* GithubTestUITests.swift */,
				E7F2F9EF1D1F7D690069A945 /* Info.plist */,
			);
			path = GithubTestUITests;
			sourceTree = "<group>";
		};
/* End PBXGroup section */

/* Begin PBXNativeTarget section */
		E7F2F9C91D1F7D680069A945 /* GithubTest */ = {
			isa = PBXNativeTarget;
			buildConfigurationList = E7F2F9F21D1F7D690069A945 /* Build configuration list for PBXNativeTarget "GithubTest" */;
			buildPhases = (
				E7F2F9C61D1F7D680069A945 /* Sources */,
				E7F2F9C71D1F7D680069A945 /* Frameworks */,
				E7F2F9C81D1F7D680069A945 /* Resources */,
			);
			buildRules = (
			);
			dependencies = (
			);
			name = GithubTest;
			productName = GithubTest;
			productReference = E7F2F9CA1D1F7D680069A945 /* GithubTest.app */;
			productType = "com.apple.product-type.application";
		};
		E7F2F9DD1D1F7D690069A945 /* GithubTestTests */ = {
			isa = PBXNativeTarget;
			buildConfigurationList = E7F2F9F51D1F7D690069A945 /* Build configuration list for PBXNativeTarget "GithubTestTests" */;
			buildPhases = (
				E7F2F9DA1D1F7D690069A945 /* Sources */,
				E7F2F9DB1D1F7D690069A945 /* Frameworks */,
				E7F2F9DC1D1F7D690069A945 /* Resources */,
			);
			buildRules = (
			);
			dependencies = (
				E7F2F9E01D1F7D690069A945 /* PBXTargetDependency */,
			);
			name = GithubTestTests;
			productName = GithubTestTests;
			productReference = E7F2F9DE1D1F7D690069A945 /* GithubTestTests.xctest */;
			productType = "com.apple.product-type.bundle.unit-test";
		};
		E7F2F9E81D1F7D690069A945 /* GithubTestUITests */ = {
			isa = PBXNativeTarget;
			buildConfigurationList = E7F2F9F81D1F7D690069A945 /* Build configuration list for PBXNativeTarget "GithubTestUITests" */;
			buildPhases = (
				E7F2F9E51D1F7D690069A945 /* Sources */,
				E7F2F9E61D1F7D690069A945 /* Frameworks */,
				E7F2F9E71D1F7D690069A945 /* Resources */,
			);
			buildRules = (
			);
			dependencies = (
				E7F2F9EB1D1F7D690069A945 /* PBXTargetDependency */,
			);
			name = GithubTestUITests;
			productName = GithubTestUITests;
			productReference = E7F2F9E91D1F7D690069A945 /* GithubTestUITests.xctest */;
			productType = "com.apple.product-type.bundle.ui-testing";
		};
/* End PBXNativeTarget section */

/* Begin PBXProject section */
		E7F2F9C21D1F7D680069A945 /* Project object */ = {
			isa = PBXProject;
			attributes = {
				LastSwiftUpdateCheck = 0730;
				LastUpgradeCheck = 0730;
				ORGANIZATIONNAME = "Mauricio Jacobo Romero";
				TargetAttributes = {
					E7F2F9C91D1F7D680069A945 = {
						CreatedOnToolsVersion = 7.3.1;
					};
					E7F2F9DD1D1F7D690069A945 = {
						CreatedOnToolsVersion = 7.3.1;
						TestTargetID = E7F2F9C91D1F7D680069A945;
					};
					E7F2F9E81D1F7D690069A945 = {
						CreatedOnToolsVersion = 7.3.1;
						TestTargetID = E7F2F9C91D1F7D680069A945;
					};
				};
			};
			buildConfigurationList = E7F2F9C51D1F7D680069A945 /* Build configuration list for PBXProject "GithubTest" */;
			compatibilityVersion = "Xcode 3.2";
			developmentRegion = English;
			hasScannedForEncodings = 0;
			knownRegions = (
				en,
				Base,
			);
			mainGroup = E7F2F9C11D1F7D680069A945;
			productRefGroup = E7F2F9CB1D1F7D680069A945 /* Products */;
			projectDirPath = "";
			projectRoot = "";
			targets = (
				E7F2F9C91D1F7D680069A945 /* GithubTest */,
				E7F2F9DD1D1F7D690069A945 /* GithubTestTests */,
				E7F2F9E81D1F7D690069A945 /* GithubTestUITests */,
			);
		};
/* End PBXProject section */

/* Begin PBXResourcesBuildPhase section */
		E7F2F9C81D1F7D680069A945 /* Resources */ = {
			isa = PBXResourcesBuildPhase;
			buildActionMask = 2147483647;
			files = (
				E7F2F9D81D1F7D680069A945 /* LaunchScreen.storyboard in Resources */,
				E7F2F9D51D1F7D680069A945 /* Assets.xcassets in Resources */,
				E7F2F9D31D1F7D680069A945 /* Main.storyboard in Resources */,
			);
			runOnlyForDeploymentPostprocessing = 0;
		};
		E7F2F9DC1D1F7D690069A945 /* Resources */ = {
			isa = PBXResourcesBuildPhase;
			buildActionMask = 2147483647;
			files = (
			);
			runOnlyForDeploymentPostprocessing = 0;
		};
		E7F2F9E71D1F7D690069A945 /* Resources */ = {
			isa = PBXResourcesBuildPhase;
			buildActionMask = 2147483647;
			files = (
			);
			runOnlyForDeploymentPostprocessing = 0;
		};
/* End PBXResourcesBuildPhase section */

/* Begin PBXSourcesBuildPhase section */
		E7F2F9C61D1F7D680069A945 /* Sources */ = {
			isa = PBXSourcesBuildPhase;
			buildActionMask = 2147483647;
			files = (
				E7F2F9D01D1F7D680069A945 /* ViewController.swift in Sources */,
				E7F2F9CE1D1F7D680069A945 /* AppDelegate.swift in Sources */,
			);
			runOnlyForDeploymentPostprocessing = 0;
		};
		E7F2F9DA1D1F7D690069A945 /* Sources */ = {
			isa = PBXSourcesBuildPhase;
			buildActionMask = 2147483647;
			files = (
				E7F2F9E31D1F7D690069A945 /* GithubTestTests.swift in Sources */,
			);
			runOnlyForDeploymentPostprocessing = 0;
		};
		E7F2F9E51D1F7D690069A945 /* Sources */ = {
			isa = PBXSourcesBuildPhase;
			buildActionMask = 2147483647;
			files = (
				E7F2F9EE1D1F7D690069A945 /* GithubTestUITests.swift in Sources */,
			);
			runOnlyForDeploymentPostprocessing = 0;
		};
/* End PBXSourcesBuildPhase section */

/* Begin PBXTargetDependency section */
		E7F2F9E01D1F7D690069A945 /* PBXTargetDependency */ = {
			isa = PBXTargetDependency;
			target = E7F2F9C91D1F7D680069A945 /* GithubTest */;
			targetProxy = E7F2F9DF1D1F7D690069A945 /* PBXContainerItemProxy */;
		};
		E7F2F9EB1D1F7D690069A945 /* PBXTargetDependency */ = {
			isa = PBXTargetDependency;
			target = E7F2F9C91D1F7D680069A945 /* GithubTest */;
			targetProxy = E7F2F9EA1D1F7D690069A945 /* PBXContainerItemProxy */;
		};
/* End PBXTargetDependency section */

/* Begin PBXVariantGroup section */
		E7F2F9D11D1F7D680069A945 /* Main.storyboard */ = {
			isa = PBXVariantGroup;
			children = (
				E7F2F9D21D1F7D680069A945 /* Base */,
			);
			name = Main.storyboard;
			sourceTree = "<group>";
		};
		E7F2F9D61D1F7D680069A945 /* LaunchScreen.storyboard */ = {
			isa = PBXVariantGroup;
			children = (
				E7F2F9D71D1F7D680069A945 /* Base */,
			);
			name = LaunchScreen.storyboard;
			sourceTree = "<group>";
		};
/* End PBXVariantGroup section */

/* Begin XCBuildConfiguration section */
		E7F2F9F01D1F7D690069A945 /* Debug */ = {
			isa = XCBuildConfiguration;
			buildSettings = {
				ALWAYS_SEARCH_USER_PATHS = NO;
				CLANG_ANALYZER_NONNULL = YES;
				CLANG_CXX_LANGUAGE_STANDARD = "gnu++0x";
				CLANG_CXX_LIBRARY = "libc++";
				CLANG_ENABLE_MODULES = YES;
				CLANG_ENABLE_OBJC_ARC = YES;
				CLANG_WARN_BOOL_CONVERSION = YES;
				CLANG_WARN_CONSTANT_CONVERSION = YES;
				CLANG_WARN_DIRECT_OBJC_ISA_USAGE = YES_ERROR;
				CLANG_WARN_EMPTY_BODY = YES;
				CLANG_WARN_ENUM_CONVERSION = YES;
				CLANG_WARN_INT_CONVERSION = YES;
				CLANG_WARN_OBJC_ROOT_CLASS = YES_ERROR;
				CLANG_WARN_UNREACHABLE_CODE = YES;
				CLANG_WARN__DUPLICATE_METHOD_MATCH = YES;
				"CODE_SIGN_IDENTITY[sdk=iphoneos*]" = "iPhone Developer";
				COPY_PHASE_STRIP = NO;
				DEBUG_INFORMATION_FORMAT = dwarf;
				ENABLE_STRICT_OBJC_MSGSEND = YES;
				ENABLE_TESTABILITY = YES;
				GCC_C_LANGUAGE_STANDARD = gnu99;
				GCC_DYNAMIC_NO_PIC = NO;
				GCC_NO_COMMON_BLOCKS = YES;
				GCC_OPTIMIZATION_LEVEL = 0;
				GCC_PREPROCESSOR_DEFINITIONS = (
					"DEBUG=1",
					"$(inherited)",
				);
				GCC_WARN_64_TO_32_BIT_CONVERSION = YES;
				GCC_WARN_ABOUT_RETURN_TYPE = YES_ERROR;
				GCC_WARN_UNDECLARED_SELECTOR = YES;
				GCC_WARN_UNINITIALIZED_AUTOS = YES_AGGRESSIVE;
				GCC_WARN_UNUSED_FUNCTION = YES;
				GCC_WARN_UNUSED_VARIABLE = YES;
				IPHONEOS_DEPLOYMENT_TARGET = 9.3;
				MTL_ENABLE_DEBUG_INFO = YES;
				ONLY_ACTIVE_ARCH = YES;
				SDKROOT = iphoneos;
				SWIFT_OPTIMIZATION_LEVEL = "-Onone";
				TARGETED_DEVICE_FAMILY = "1,2";
			};
			name = Debug;
		};
		E7F2F9F11D1F7D690069A945 /* Release */ = {
			isa = XCBuildConfiguration;
			buildSettings = {
				ALWAYS_SEARCH_USER_PATHS = NO;
				CLANG_ANALYZER_NONNULL = YES;
				CLANG_CXX_LANGUAGE_STANDARD = "gnu++0x";
				CLANG_CXX_LIBRARY = "libc++";
				CLANG_ENABLE_MODULES = YES;
				CLANG_ENABLE_OBJC_ARC = YES;
				CLANG_WARN_BOOL_CONVERSION = YES;
				CLANG_WARN_CONSTANT_CONVERSION = YES;
				CLANG_WARN_DIRECT_OBJC_ISA_USAGE = YES_ERROR;
				CLANG_WARN_EMPTY_BODY = YES;
				CLANG_WARN_ENUM_CONVERSION = YES;
				CLANG_WARN_INT_CONVERSION = YES;
				CLANG_WARN_OBJC_ROOT_CLASS = YES_ERROR;
				CLANG_WARN_UNREACHABLE_CODE = YES;
				CLANG_WARN__DUPLICATE_METHOD_MATCH = YES;
				"CODE_SIGN_IDENTITY[sdk=iphoneos*]" = "iPhone Developer";
				COPY_PHASE_STRIP = NO;
				DEBUG_INFORMATION_FORMAT = "dwarf-with-dsym";
				ENABLE_NS_ASSERTIONS = NO;
				ENABLE_STRICT_OBJC_MSGSEND = YES;
				GCC_C_LANGUAGE_STANDARD = gnu99;
				GCC_NO_COMMON_BLOCKS = YES;
				GCC_WARN_64_TO_32_BIT_CONVERSION = YES;
				GCC_WARN_ABOUT_RETURN_TYPE = YES_ERROR;
				GCC_WARN_UNDECLARED_SELECTOR = YES;
				GCC_WARN_UNINITIALIZED_AUTOS = YES_AGGRESSIVE;
				GCC_WARN_UNUSED_FUNCTION = YES;
				GCC_WARN_UNUSED_VARIABLE = YES;
				IPHONEOS_DEPLOYMENT_TARGET = 9.3;
				MTL_ENABLE_DEBUG_INFO = NO;
				SDKROOT = iphoneos;
				TARGETED_DEVICE_FAMILY = "1,2";
				VALIDATE_PRODUCT = YES;
			};
			name = Release;
		};
		E7F2F9F31D1F7D690069A945 /* Debug */ = {
			isa = XCBuildConfiguration;
			buildSettings = {
				ASSETCATALOG_COMPILER_APPICON_NAME = AppIcon;
				INFOPLIST_FILE = GithubTest/Info.plist;
				LD_RUNPATH_SEARCH_PATHS = "$(inherited) @executable_path/Frameworks";
				PRODUCT_BUNDLE_IDENTIFIER = Mine.GithubTest;
				PRODUCT_NAME = "$(TARGET_NAME)";
			};
			name = Debug;
		};
		E7F2F9F41D1F7D690069A945 /* Release */ = {
			isa = XCBuildConfiguration;
			buildSettings = {
				ASSETCATALOG_COMPILER_APPICON_NAME = AppIcon;
				INFOPLIST_FILE = GithubTest/Info.plist;
				LD_RUNPATH_SEARCH_PATHS = "$(inherited) @executable_path/Frameworks";
				PRODUCT_BUNDLE_IDENTIFIER = Mine.GithubTest;
				PRODUCT_NAME = "$(TARGET_NAME)";
			};
			name = Release;
		};
		E7F2F9F61D1F7D690069A945 /* Debug */ = {
			isa = XCBuildConfiguration;
			buildSettings = {
				BUNDLE_LOADER = "$(TEST_HOST)";
				INFOPLIST_FILE = GithubTestTests/Info.plist;
				LD_RUNPATH_SEARCH_PATHS = "$(inherited) @executable_path/Frameworks @loader_path/Frameworks";
				PRODUCT_BUNDLE_IDENTIFIER = Mine.GithubTestTests;
				PRODUCT_NAME = "$(TARGET_NAME)";
				TEST_HOST = "$(BUILT_PRODUCTS_DIR)/GithubTest.app/GithubTest";
			};
			name = Debug;
		};
		E7F2F9F71D1F7D690069A945 /* Release */ = {
			isa = XCBuildConfiguration;
			buildSettings = {
				BUNDLE_LOADER = "$(TEST_HOST)";
				INFOPLIST_FILE = GithubTestTests/Info.plist;
				LD_RUNPATH_SEARCH_PATHS = "$(inherited) @executable_path/Frameworks @loader_path/Frameworks";
				PRODUCT_BUNDLE_IDENTIFIER = Mine.GithubTestTests;
				PRODUCT_NAME = "$(TARGET_NAME)";
				TEST_HOST = "$(BUILT_PRODUCTS_DIR)/GithubTest.app/GithubTest";
			};
			name = Release;
		};
		E7F2F9F91D1F7D690069A945 /* Debug */ = {
			isa = XCBuildConfiguration;
			buildSettings = {
				INFOPLIST_FILE = GithubTestUITests/Info.plist;
				LD_RUNPATH_SEARCH_PATHS = "$(inherited) @executable_path/Frameworks @loader_path/Frameworks";
				PRODUCT_BUNDLE_IDENTIFIER = Mine.GithubTestUITests;
				PRODUCT_NAME = "$(TARGET_NAME)";
				TEST_TARGET_NAME = GithubTest;
			};
			name = Debug;
		};
		E7F2F9FA1D1F7D690069A945 /* Release */ = {
			isa = XCBuildConfiguration;
			buildSettings = {
				INFOPLIST_FILE = GithubTestUITests/Info.plist;
				LD_RUNPATH_SEARCH_PATHS = "$(inherited) @executable_path/Frameworks @loader_path/Frameworks";
				PRODUCT_BUNDLE_IDENTIFIER = Mine.GithubTestUITests;
				PRODUCT_NAME = "$(TARGET_NAME)";
				TEST_TARGET_NAME = GithubTest;
			};
			name = Release;
		};
/* End XCBuildConfiguration section */

/* Begin XCConfigurationList section */
		E7F2F9C51D1F7D680069A945 /* Build configuration list for PBXProject "GithubTest" */ = {
			isa = XCConfigurationList;
			buildConfigurations = (
				E7F2F9F01D1F7D690069A945 /* Debug */,
				E7F2F9F11D1F7D690069A945 /* Release */,
			);
			defaultConfigurationIsVisible = 0;
			defaultConfigurationName = Release;
		};
		E7F2F9F21D1F7D690069A945 /* Build configuration list for PBXNativeTarget "GithubTest" */ = {
			isa = XCConfigurationList;
			buildConfigurations = (
				E7F2F9F31D1F7D690069A945 /* Debug */,
				E7F2F9F41D1F7D690069A945 /* Release */,
			);
			defaultConfigurationIsVisible = 0;
		};
		E7F2F9F51D1F7D690069A945 /* Build configuration list for PBXNativeTarget "GithubTestTests" */ = {
			isa = XCConfigurationList;
			buildConfigurations = (
				E7F2F9F61D1F7D690069A945 /* Debug */,
				E7F2F9F71D1F7D690069A945 /* Release */,
			);
			defaultConfigurationIsVisible = 0;
		};
		E7F2F9F81D1F7D690069A945 /* Build configuration list for PBXNativeTarget "GithubTestUITests" */ = {
			isa = XCConfigurationList;
			buildConfigurations = (
				E7F2F9F91D1F7D690069A945 /* Debug */,
				E7F2F9FA1D1F7D690069A945 /* Release */,
			);
			defaultConfigurationIsVisible = 0;
		};
/* End XCConfigurationList section */
	};
	rootObject = E7F2F9C21D1F7D680069A945 /* Project object */;
}
